// !$*UTF8*$!
{
	archiveVersion = 1;
	classes = {
	};
	objectVersion = 52;
	objects = {

/* Begin PBXBuildFile section */
		CF0E5BF52581FB9D009AEF9D /* AppPantry.swift in Sources */ = {isa = PBXBuildFile; fileRef = CF0E5BF42581FB9D009AEF9D /* AppPantry.swift */; };
		CF0E5BF92581FC2F009AEF9D /* UserDefaultsManager.swift in Sources */ = {isa = PBXBuildFile; fileRef = CF0E5BF82581FC2F009AEF9D /* UserDefaultsManager.swift */; };
		CF54838F258149570095A2C9 /* AppDelegate.swift in Sources */ = {isa = PBXBuildFile; fileRef = CF54838E258149570095A2C9 /* AppDelegate.swift */; };
		CF548393258149570095A2C9 /* RootViewController.swift in Sources */ = {isa = PBXBuildFile; fileRef = CF548392258149570095A2C9 /* RootViewController.swift */; };
		CF548398258149580095A2C9 /* Assets.xcassets in Resources */ = {isa = PBXBuildFile; fileRef = CF548397258149580095A2C9 /* Assets.xcassets */; };
		CF54839B258149580095A2C9 /* LaunchScreen.storyboard in Resources */ = {isa = PBXBuildFile; fileRef = CF548399258149580095A2C9 /* LaunchScreen.storyboard */; };
		CF5483A725814C0E0095A2C9 /* SnapKit in Frameworks */ = {isa = PBXBuildFile; productRef = CF5483A625814C0E0095A2C9 /* SnapKit */; };
		CF5483AB25814C4E0095A2C9 /* AppCoordinator.swift in Sources */ = {isa = PBXBuildFile; fileRef = CF5483AA25814C4E0095A2C9 /* AppCoordinator.swift */; };
		CF5483AE25814C640095A2C9 /* Coordinator.swift in Sources */ = {isa = PBXBuildFile; fileRef = CF5483AD25814C640095A2C9 /* Coordinator.swift */; };
		CF5483B125814C780095A2C9 /* RootCoordinator.swift in Sources */ = {isa = PBXBuildFile; fileRef = CF5483B025814C780095A2C9 /* RootCoordinator.swift */; };
		CF5483B625814CC00095A2C9 /* APIDefinition.swift in Sources */ = {isa = PBXBuildFile; fileRef = CF5483B525814CC00095A2C9 /* APIDefinition.swift */; };
		CF5483B925814CCA0095A2C9 /* APIImplementation.swift in Sources */ = {isa = PBXBuildFile; fileRef = CF5483B825814CCA0095A2C9 /* APIImplementation.swift */; };
		CF5483BC25814CD20095A2C9 /* NetworkManager.swift in Sources */ = {isa = PBXBuildFile; fileRef = CF5483BB25814CD20095A2C9 /* NetworkManager.swift */; };
		CF5483C025814D430095A2C9 /* Restaurant.swift in Sources */ = {isa = PBXBuildFile; fileRef = CF5483BF25814D430095A2C9 /* Restaurant.swift */; };
		CF5483C425814FC00095A2C9 /* RootViewModel.swift in Sources */ = {isa = PBXBuildFile; fileRef = CF5483C325814FC00095A2C9 /* RootViewModel.swift */; };
		CF5483CA25815EB20095A2C9 /* RestaurantTableViewCell.swift in Sources */ = {isa = PBXBuildFile; fileRef = CF5483C925815EB20095A2C9 /* RestaurantTableViewCell.swift */; };
		CF5483D025815F470095A2C9 /* UIImageView+Extension.swift in Sources */ = {isa = PBXBuildFile; fileRef = CF5483CF25815F470095A2C9 /* UIImageView+Extension.swift */; };
		CF5483D325815F920095A2C9 /* UITableView+Extension.swift in Sources */ = {isa = PBXBuildFile; fileRef = CF5483D225815F920095A2C9 /* UITableView+Extension.swift */; };
/* End PBXBuildFile section */

/* Begin PBXFileReference section */
		CF0E5BF42581FB9D009AEF9D /* AppPantry.swift */ = {isa = PBXFileReference; lastKnownFileType = sourcecode.swift; path = AppPantry.swift; sourceTree = "<group>"; };
		CF0E5BF82581FC2F009AEF9D /* UserDefaultsManager.swift */ = {isa = PBXFileReference; lastKnownFileType = sourcecode.swift; path = UserDefaultsManager.swift; sourceTree = "<group>"; };
		CF54838B258149570095A2C9 /* RestaurantList.app */ = {isa = PBXFileReference; explicitFileType = wrapper.application; includeInIndex = 0; path = RestaurantList.app; sourceTree = BUILT_PRODUCTS_DIR; };
		CF54838E258149570095A2C9 /* AppDelegate.swift */ = {isa = PBXFileReference; lastKnownFileType = sourcecode.swift; path = AppDelegate.swift; sourceTree = "<group>"; };
		CF548392258149570095A2C9 /* RootViewController.swift */ = {isa = PBXFileReference; lastKnownFileType = sourcecode.swift; path = RootViewController.swift; sourceTree = "<group>"; };
		CF548397258149580095A2C9 /* Assets.xcassets */ = {isa = PBXFileReference; lastKnownFileType = folder.assetcatalog; path = Assets.xcassets; sourceTree = "<group>"; };
		CF54839A258149580095A2C9 /* Base */ = {isa = PBXFileReference; lastKnownFileType = file.storyboard; name = Base; path = Base.lproj/LaunchScreen.storyboard; sourceTree = "<group>"; };
		CF54839C258149580095A2C9 /* Info.plist */ = {isa = PBXFileReference; lastKnownFileType = text.plist.xml; path = Info.plist; sourceTree = "<group>"; };
		CF5483AA25814C4E0095A2C9 /* AppCoordinator.swift */ = {isa = PBXFileReference; lastKnownFileType = sourcecode.swift; path = AppCoordinator.swift; sourceTree = "<group>"; };
		CF5483AD25814C640095A2C9 /* Coordinator.swift */ = {isa = PBXFileReference; lastKnownFileType = sourcecode.swift; path = Coordinator.swift; sourceTree = "<group>"; };
		CF5483B025814C780095A2C9 /* RootCoordinator.swift */ = {isa = PBXFileReference; lastKnownFileType = sourcecode.swift; path = RootCoordinator.swift; sourceTree = "<group>"; };
		CF5483B525814CC00095A2C9 /* APIDefinition.swift */ = {isa = PBXFileReference; lastKnownFileType = sourcecode.swift; path = APIDefinition.swift; sourceTree = "<group>"; };
		CF5483B825814CCA0095A2C9 /* APIImplementation.swift */ = {isa = PBXFileReference; lastKnownFileType = sourcecode.swift; path = APIImplementation.swift; sourceTree = "<group>"; };
		CF5483BB25814CD20095A2C9 /* NetworkManager.swift */ = {isa = PBXFileReference; lastKnownFileType = sourcecode.swift; path = NetworkManager.swift; sourceTree = "<group>"; };
		CF5483BF25814D430095A2C9 /* Restaurant.swift */ = {isa = PBXFileReference; lastKnownFileType = sourcecode.swift; path = Restaurant.swift; sourceTree = "<group>"; };
		CF5483C325814FC00095A2C9 /* RootViewModel.swift */ = {isa = PBXFileReference; lastKnownFileType = sourcecode.swift; path = RootViewModel.swift; sourceTree = "<group>"; };
		CF5483C925815EB20095A2C9 /* RestaurantTableViewCell.swift */ = {isa = PBXFileReference; lastKnownFileType = sourcecode.swift; path = RestaurantTableViewCell.swift; sourceTree = "<group>"; };
		CF5483CF25815F470095A2C9 /* UIImageView+Extension.swift */ = {isa = PBXFileReference; lastKnownFileType = sourcecode.swift; path = "UIImageView+Extension.swift"; sourceTree = "<group>"; };
		CF5483D225815F920095A2C9 /* UITableView+Extension.swift */ = {isa = PBXFileReference; lastKnownFileType = sourcecode.swift; path = "UITableView+Extension.swift"; sourceTree = "<group>"; };
/* End PBXFileReference section */

/* Begin PBXFrameworksBuildPhase section */
		CF548388258149570095A2C9 /* Frameworks */ = {
			isa = PBXFrameworksBuildPhase;
			buildActionMask = 2147483647;
			files = (
				CF5483A725814C0E0095A2C9 /* SnapKit in Frameworks */,
			);
			runOnlyForDeploymentPostprocessing = 0;
		};
/* End PBXFrameworksBuildPhase section */

/* Begin PBXGroup section */
		CF0E5BF72581FC20009AEF9D /* Manager */ = {
			isa = PBXGroup;
			children = (
				CF0E5BF82581FC2F009AEF9D /* UserDefaultsManager.swift */,
			);
			path = Manager;
			sourceTree = "<group>";
		};
		CF548382258149570095A2C9 = {
			isa = PBXGroup;
			children = (
				CF54838D258149570095A2C9 /* RestaurantList */,
				CF54838C258149570095A2C9 /* Products */,
			);
			sourceTree = "<group>";
		};
		CF54838C258149570095A2C9 /* Products */ = {
			isa = PBXGroup;
			children = (
				CF54838B258149570095A2C9 /* RestaurantList.app */,
			);
			name = Products;
			sourceTree = "<group>";
		};
		CF54838D258149570095A2C9 /* RestaurantList */ = {
			isa = PBXGroup;
			children = (
				CF54838E258149570095A2C9 /* AppDelegate.swift */,
				CF0E5BF42581FB9D009AEF9D /* AppPantry.swift */,
				CF0E5BF72581FC20009AEF9D /* Manager */,
				CF5483CE25815F380095A2C9 /* Extension */,
				CF5483C725815E960095A2C9 /* View */,
				CF5483C225814FB30095A2C9 /* ViewModel */,
				CF5483BE25814D140095A2C9 /* Model */,
				CF5483B325814CAA0095A2C9 /* Network */,
				CF5483A925814C360095A2C9 /* Coordinator */,
				CF548397258149580095A2C9 /* Assets.xcassets */,
				CF548399258149580095A2C9 /* LaunchScreen.storyboard */,
				CF54839C258149580095A2C9 /* Info.plist */,
			);
			path = RestaurantList;
			sourceTree = "<group>";
		};
		CF5483A925814C360095A2C9 /* Coordinator */ = {
			isa = PBXGroup;
			children = (
				CF5483AA25814C4E0095A2C9 /* AppCoordinator.swift */,
				CF5483AD25814C640095A2C9 /* Coordinator.swift */,
				CF5483B025814C780095A2C9 /* RootCoordinator.swift */,
			);
			path = Coordinator;
			sourceTree = "<group>";
		};
		CF5483B325814CAA0095A2C9 /* Network */ = {
			isa = PBXGroup;
			children = (
				CF5483B525814CC00095A2C9 /* APIDefinition.swift */,
				CF5483B825814CCA0095A2C9 /* APIImplementation.swift */,
				CF5483BB25814CD20095A2C9 /* NetworkManager.swift */,
			);
			path = Network;
			sourceTree = "<group>";
		};
		CF5483BE25814D140095A2C9 /* Model */ = {
			isa = PBXGroup;
			children = (
				CF5483BF25814D430095A2C9 /* Restaurant.swift */,
			);
			path = Model;
			sourceTree = "<group>";
		};
		CF5483C225814FB30095A2C9 /* ViewModel */ = {
			isa = PBXGroup;
			children = (
				CF5483C325814FC00095A2C9 /* RootViewModel.swift */,
			);
			path = ViewModel;
			sourceTree = "<group>";
		};
		CF5483C725815E960095A2C9 /* View */ = {
			isa = PBXGroup;
			children = (
				CF548392258149570095A2C9 /* RootViewController.swift */,
				CF5483C825815EA00095A2C9 /* Cell */,
			);
			path = View;
			sourceTree = "<group>";
		};
		CF5483C825815EA00095A2C9 /* Cell */ = {
			isa = PBXGroup;
			children = (
				CF5483C925815EB20095A2C9 /* RestaurantTableViewCell.swift */,
			);
			path = Cell;
			sourceTree = "<group>";
		};
		CF5483CE25815F380095A2C9 /* Extension */ = {
			isa = PBXGroup;
			children = (
				CF5483CF25815F470095A2C9 /* UIImageView+Extension.swift */,
				CF5483D225815F920095A2C9 /* UITableView+Extension.swift */,
			);
			path = Extension;
			sourceTree = "<group>";
		};
/* End PBXGroup section */

/* Begin PBXNativeTarget section */
		CF54838A258149570095A2C9 /* RestaurantList */ = {
			isa = PBXNativeTarget;
			buildConfigurationList = CF54839F258149580095A2C9 /* Build configuration list for PBXNativeTarget "RestaurantList" */;
			buildPhases = (
				CF548387258149570095A2C9 /* Sources */,
				CF548388258149570095A2C9 /* Frameworks */,
				CF548389258149570095A2C9 /* Resources */,
			);
			buildRules = (
			);
			dependencies = (
			);
			name = RestaurantList;
			packageProductDependencies = (
				CF5483A625814C0E0095A2C9 /* SnapKit */,
			);
			productName = RestaurantList;
			productReference = CF54838B258149570095A2C9 /* RestaurantList.app */;
			productType = "com.apple.product-type.application";
		};
/* End PBXNativeTarget section */

/* Begin PBXProject section */
		CF548383258149570095A2C9 /* Project object */ = {
			isa = PBXProject;
			attributes = {
				LastSwiftUpdateCheck = 1230;
				LastUpgradeCheck = 1230;
				TargetAttributes = {
					CF54838A258149570095A2C9 = {
						CreatedOnToolsVersion = 12.3;
					};
				};
			};
			buildConfigurationList = CF548386258149570095A2C9 /* Build configuration list for PBXProject "RestaurantList" */;
			compatibilityVersion = "Xcode 9.3";
			developmentRegion = en;
			hasScannedForEncodings = 0;
			knownRegions = (
				en,
				Base,
			);
			mainGroup = CF548382258149570095A2C9;
			packageReferences = (
				CF5483A525814C0E0095A2C9 /* XCRemoteSwiftPackageReference "SnapKit" */,
			);
			productRefGroup = CF54838C258149570095A2C9 /* Products */;
			projectDirPath = "";
			projectRoot = "";
			targets = (
				CF54838A258149570095A2C9 /* RestaurantList */,
			);
		};
/* End PBXProject section */

/* Begin PBXResourcesBuildPhase section */
		CF548389258149570095A2C9 /* Resources */ = {
			isa = PBXResourcesBuildPhase;
			buildActionMask = 2147483647;
			files = (
				CF54839B258149580095A2C9 /* LaunchScreen.storyboard in Resources */,
				CF548398258149580095A2C9 /* Assets.xcassets in Resources */,
			);
			runOnlyForDeploymentPostprocessing = 0;
		};
/* End PBXResourcesBuildPhase section */

/* Begin PBXSourcesBuildPhase section */
		CF548387258149570095A2C9 /* Sources */ = {
			isa = PBXSourcesBuildPhase;
			buildActionMask = 2147483647;
			files = (
				CF5483C425814FC00095A2C9 /* RootViewModel.swift in Sources */,
				CF5483AE25814C640095A2C9 /* Coordinator.swift in Sources */,
				CF5483AB25814C4E0095A2C9 /* AppCoordinator.swift in Sources */,
				CF5483CA25815EB20095A2C9 /* RestaurantTableViewCell.swift in Sources */,
				CF5483B125814C780095A2C9 /* RootCoordinator.swift in Sources */,
				CF548393258149570095A2C9 /* RootViewController.swift in Sources */,
				CF5483D025815F470095A2C9 /* UIImageView+Extension.swift in Sources */,
				CF5483BC25814CD20095A2C9 /* NetworkManager.swift in Sources */,
				CF5483B925814CCA0095A2C9 /* APIImplementation.swift in Sources */,
				CF54838F258149570095A2C9 /* AppDelegate.swift in Sources */,
				CF5483B625814CC00095A2C9 /* APIDefinition.swift in Sources */,
				CF0E5BF92581FC2F009AEF9D /* UserDefaultsManager.swift in Sources */,
				CF5483C025814D430095A2C9 /* Restaurant.swift in Sources */,
				CF5483D325815F920095A2C9 /* UITableView+Extension.swift in Sources */,
				CF0E5BF52581FB9D009AEF9D /* AppPantry.swift in Sources */,
			);
			runOnlyForDeploymentPostprocessing = 0;
		};
/* End PBXSourcesBuildPhase section */

/* Begin PBXVariantGroup section */
		CF548399258149580095A2C9 /* LaunchScreen.storyboard */ = {
			isa = PBXVariantGroup;
			children = (
				CF54839A258149580095A2C9 /* Base */,
			);
			name = LaunchScreen.storyboard;
			sourceTree = "<group>";
		};
/* End PBXVariantGroup section */

/* Begin XCBuildConfiguration section */
		CF54839D258149580095A2C9 /* Debug */ = {
			isa = XCBuildConfiguration;
			buildSettings = {
				ALWAYS_SEARCH_USER_PATHS = NO;
				CLANG_ANALYZER_NONNULL = YES;
				CLANG_ANALYZER_NUMBER_OBJECT_CONVERSION = YES_AGGRESSIVE;
				CLANG_CXX_LANGUAGE_STANDARD = "gnu++14";
				CLANG_CXX_LIBRARY = "libc++";
				CLANG_ENABLE_MODULES = YES;
				CLANG_ENABLE_OBJC_ARC = YES;
				CLANG_ENABLE_OBJC_WEAK = YES;
				CLANG_WARN_BLOCK_CAPTURE_AUTORELEASING = YES;
				CLANG_WARN_BOOL_CONVERSION = YES;
				CLANG_WARN_COMMA = YES;
				CLANG_WARN_CONSTANT_CONVERSION = YES;
				CLANG_WARN_DEPRECATED_OBJC_IMPLEMENTATIONS = YES;
				CLANG_WARN_DIRECT_OBJC_ISA_USAGE = YES_ERROR;
				CLANG_WARN_DOCUMENTATION_COMMENTS = YES;
				CLANG_WARN_EMPTY_BODY = YES;
				CLANG_WARN_ENUM_CONVERSION = YES;
				CLANG_WARN_INFINITE_RECURSION = YES;
				CLANG_WARN_INT_CONVERSION = YES;
				CLANG_WARN_NON_LITERAL_NULL_CONVERSION = YES;
				CLANG_WARN_OBJC_IMPLICIT_RETAIN_SELF = YES;
				CLANG_WARN_OBJC_LITERAL_CONVERSION = YES;
				CLANG_WARN_OBJC_ROOT_CLASS = YES_ERROR;
				CLANG_WARN_QUOTED_INCLUDE_IN_FRAMEWORK_HEADER = YES;
				CLANG_WARN_RANGE_LOOP_ANALYSIS = YES;
				CLANG_WARN_STRICT_PROTOTYPES = YES;
				CLANG_WARN_SUSPICIOUS_MOVE = YES;
				CLANG_WARN_UNGUARDED_AVAILABILITY = YES_AGGRESSIVE;
				CLANG_WARN_UNREACHABLE_CODE = YES;
				CLANG_WARN__DUPLICATE_METHOD_MATCH = YES;
				COPY_PHASE_STRIP = NO;
				DEBUG_INFORMATION_FORMAT = dwarf;
				ENABLE_STRICT_OBJC_MSGSEND = YES;
				ENABLE_TESTABILITY = YES;
				GCC_C_LANGUAGE_STANDARD = gnu11;
				GCC_DYNAMIC_NO_PIC = NO;
				GCC_NO_COMMON_BLOCKS = YES;
				GCC_OPTIMIZATION_LEVEL = 0;
				GCC_PREPROCESSOR_DEFINITIONS = (
					"DEBUG=1",
					"$(inherited)",
				);
				GCC_WARN_64_TO_32_BIT_CONVERSION = YES;
				GCC_WARN_ABOUT_RETURN_TYPE = YES_ERROR;
				GCC_WARN_UNDECLARED_SELECTOR = YES;
				GCC_WARN_UNINITIALIZED_AUTOS = YES_AGGRESSIVE;
				GCC_WARN_UNUSED_FUNCTION = YES;
				GCC_WARN_UNUSED_VARIABLE = YES;
				IPHONEOS_DEPLOYMENT_TARGET = 14.3;
				MTL_ENABLE_DEBUG_INFO = INCLUDE_SOURCE;
				MTL_FAST_MATH = YES;
				ONLY_ACTIVE_ARCH = YES;
				SDKROOT = iphoneos;
				SWIFT_ACTIVE_COMPILATION_CONDITIONS = DEBUG;
				SWIFT_OPTIMIZATION_LEVEL = "-Onone";
			};
			name = Debug;
		};
		CF54839E258149580095A2C9 /* Release */ = {
			isa = XCBuildConfiguration;
			buildSettings = {
				ALWAYS_SEARCH_USER_PATHS = NO;
				CLANG_ANALYZER_NONNULL = YES;
				CLANG_ANALYZER_NUMBER_OBJECT_CONVERSION = YES_AGGRESSIVE;
				CLANG_CXX_LANGUAGE_STANDARD = "gnu++14";
				CLANG_CXX_LIBRARY = "libc++";
				CLANG_ENABLE_MODULES = YES;
				CLANG_ENABLE_OBJC_ARC = YES;
				CLANG_ENABLE_OBJC_WEAK = YES;
				CLANG_WARN_BLOCK_CAPTURE_AUTORELEASING = YES;
				CLANG_WARN_BOOL_CONVERSION = YES;
				CLANG_WARN_COMMA = YES;
				CLANG_WARN_CONSTANT_CONVERSION = YES;
				CLANG_WARN_DEPRECATED_OBJC_IMPLEMENTATIONS = YES;
				CLANG_WARN_DIRECT_OBJC_ISA_USAGE = YES_ERROR;
				CLANG_WARN_DOCUMENTATION_COMMENTS = YES;
				CLANG_WARN_EMPTY_BODY = YES;
				CLANG_WARN_ENUM_CONVERSION = YES;
				CLANG_WARN_INFINITE_RECURSION = YES;
				CLANG_WARN_INT_CONVERSION = YES;
				CLANG_WARN_NON_LITERAL_NULL_CONVERSION = YES;
				CLANG_WARN_OBJC_IMPLICIT_RETAIN_SELF = YES;
				CLANG_WARN_OBJC_LITERAL_CONVERSION = YES;
				CLANG_WARN_OBJC_ROOT_CLASS = YES_ERROR;
				CLANG_WARN_QUOTED_INCLUDE_IN_FRAMEWORK_HEADER = YES;
				CLANG_WARN_RANGE_LOOP_ANALYSIS = YES;
				CLANG_WARN_STRICT_PROTOTYPES = YES;
				CLANG_WARN_SUSPICIOUS_MOVE = YES;
				CLANG_WARN_UNGUARDED_AVAILABILITY = YES_AGGRESSIVE;
				CLANG_WARN_UNREACHABLE_CODE = YES;
				CLANG_WARN__DUPLICATE_METHOD_MATCH = YES;
				COPY_PHASE_STRIP = NO;
				DEBUG_INFORMATION_FORMAT = "dwarf-with-dsym";
				ENABLE_NS_ASSERTIONS = NO;
				ENABLE_STRICT_OBJC_MSGSEND = YES;
				GCC_C_LANGUAGE_STANDARD = gnu11;
				GCC_NO_COMMON_BLOCKS = YES;
				GCC_WARN_64_TO_32_BIT_CONVERSION = YES;
				GCC_WARN_ABOUT_RETURN_TYPE = YES_ERROR;
				GCC_WARN_UNDECLARED_SELECTOR = YES;
				GCC_WARN_UNINITIALIZED_AUTOS = YES_AGGRESSIVE;
				GCC_WARN_UNUSED_FUNCTION = YES;
				GCC_WARN_UNUSED_VARIABLE = YES;
				IPHONEOS_DEPLOYMENT_TARGET = 14.3;
				MTL_ENABLE_DEBUG_INFO = NO;
				MTL_FAST_MATH = YES;
				SDKROOT = iphoneos;
				SWIFT_COMPILATION_MODE = wholemodule;
				SWIFT_OPTIMIZATION_LEVEL = "-O";
				VALIDATE_PRODUCT = YES;
			};
			name = Release;
		};
		CF5483A0258149580095A2C9 /* Debug */ = {
			isa = XCBuildConfiguration;
			buildSettings = {
				ASSETCATALOG_COMPILER_APPICON_NAME = AppIcon;
				ASSETCATALOG_COMPILER_GLOBAL_ACCENT_COLOR_NAME = AccentColor;
				CODE_SIGN_STYLE = Automatic;
				INFOPLIST_FILE = RestaurantList/Info.plist;
				IPHONEOS_DEPLOYMENT_TARGET = 13.0;
				LD_RUNPATH_SEARCH_PATHS = (
					"$(inherited)",
					"@executable_path/Frameworks",
				);
				PRODUCT_BUNDLE_IDENTIFIER = com.letrongtriet.RestaurantList;
				PRODUCT_NAME = "$(TARGET_NAME)";
				SWIFT_VERSION = 5.0;
				TARGETED_DEVICE_FAMILY = 1;
			};
			name = Debug;
		};
		CF5483A1258149580095A2C9 /* Release */ = {
			isa = XCBuildConfiguration;
			buildSettings = {
				ASSETCATALOG_COMPILER_APPICON_NAME = AppIcon;
				ASSETCATALOG_COMPILER_GLOBAL_ACCENT_COLOR_NAME = AccentColor;
				CODE_SIGN_STYLE = Automatic;
				INFOPLIST_FILE = RestaurantList/Info.plist;
				IPHONEOS_DEPLOYMENT_TARGET = 13.0;
				LD_RUNPATH_SEARCH_PATHS = (
					"$(inherited)",
					"@executable_path/Frameworks",
				);
				PRODUCT_BUNDLE_IDENTIFIER = com.letrongtriet.RestaurantList;
				PRODUCT_NAME = "$(TARGET_NAME)";
				SWIFT_VERSION = 5.0;
				TARGETED_DEVICE_FAMILY = 1;
			};
			name = Release;
		};
/* End XCBuildConfiguration section */

/* Begin XCConfigurationList section */
		CF548386258149570095A2C9 /* Build configuration list for PBXProject "RestaurantList" */ = {
			isa = XCConfigurationList;
			buildConfigurations = (
				CF54839D258149580095A2C9 /* Debug */,
				CF54839E258149580095A2C9 /* Release */,
			);
			defaultConfigurationIsVisible = 0;
			defaultConfigurationName = Release;
		};
		CF54839F258149580095A2C9 /* Build configuration list for PBXNativeTarget "RestaurantList" */ = {
			isa = XCConfigurationList;
			buildConfigurations = (
				CF5483A0258149580095A2C9 /* Debug */,
				CF5483A1258149580095A2C9 /* Release */,
			);
			defaultConfigurationIsVisible = 0;
			defaultConfigurationName = Release;
		};
/* End XCConfigurationList section */

/* Begin XCRemoteSwiftPackageReference section */
		CF5483A525814C0E0095A2C9 /* XCRemoteSwiftPackageReference "SnapKit" */ = {
			isa = XCRemoteSwiftPackageReference;
			repositoryURL = "https://github.com/SnapKit/SnapKit.git";
			requirement = {
				kind = upToNextMajorVersion;
				minimumVersion = 5.0.1;
			};
		};
/* End XCRemoteSwiftPackageReference section */

/* Begin XCSwiftPackageProductDependency section */
		CF5483A625814C0E0095A2C9 /* SnapKit */ = {
			isa = XCSwiftPackageProductDependency;
			package = CF5483A525814C0E0095A2C9 /* XCRemoteSwiftPackageReference "SnapKit" */;
			productName = SnapKit;
		};
/* End XCSwiftPackageProductDependency section */
	};
	rootObject = CF548383258149570095A2C9 /* Project object */;
}
